Microsoft Visual Studio Solution File, Format Version 12.00
# Visual Studio Version 17
VisualStudioVersion = 17.5.2.0
MinimumVisualStudioVersion = 10.0.40219.1
Project("{FAE04EC0-301F-11D3-BF4B-00C04F79EFBC}") = "Thekdar", "Thekdar.csproj", "{6DC9569D-EC2B-1BC7-B3E1-E68BA38CC2F8}"
EndProject
Global
	GlobalSection(SolutionConfigurationPlatforms) = preSolution
		Debug|Any CPU = Debug|Any CPU
		Release|Any CPU = Release|Any CPU
	EndGlobalSection
	GlobalSection(ProjectConfigurationPlatforms) = postSolution
		{6DC9569D-EC2B-1BC7-B3E1-E68BA38CC2F8}.Debug|Any CPU.ActiveCfg = Debug|Any CPU
		{6DC9569D-EC2B-1BC7-B3E1-E68BA38CC2F8}.Debug|Any CPU.Build.0 = Debug|Any CPU
		{6DC9569D-EC2B-1BC7-B3E1-E68BA38CC2F8}.Release|Any CPU.ActiveCfg = Release|Any CPU
		{6DC9569D-EC2B-1BC7-B3E1-E68BA38CC2F8}.Release|Any CPU.Build.0 = Release|Any CPU
	EndGlobalSection
	GlobalSection(SolutionProperties) = preSolution
		HideSolutionNode = FALSE
	EndGlobalSection
	GlobalSection(ExtensibilityGlobals) = postSolution
		SolutionGuid = {30C4B2C2-A920-4571-9A39-657FC8A91CB1}
	EndGlobalSection
EndGlobal
